// !$*UTF8*$!
{
	archiveVersion = 1;
	classes = {
	};
	objectVersion = 46;
	objects = {

/* Begin PBXBuildFile section */
		02B82BD7F21B9D830C714E7E /* include_juce_events.mm */ = {isa = PBXBuildFile; fileRef = A1B9B1855927DD44A5B0E5A0; };
		3BB19852D7050653756FCA93 /* MainComponent.cpp */ = {isa = PBXBuildFile; fileRef = FC1180BA7834FCB11DBC5AB3; };
		45A34B81B4AAC4A7B67C127F /* Foundation.framework */ = {isa = PBXBuildFile; fileRef = 1156730AF70D1B7543CB3D65; };
		5052CCFE1ECD11A75B17DA7D /* include_juce_gui_basics.mm */ = {isa = PBXBuildFile; fileRef = BAB5960E908B9F731AFD6032; };
		6672BAD3BE0EA87B71EC3362 /* include_juce_graphics.mm */ = {isa = PBXBuildFile; fileRef = 3A9CD9DED68CF81C9A362874; };
		6B6D738B1BEEBD11985936CF /* include_juce_core.mm */ = {isa = PBXBuildFile; fileRef = DB961AA139E8891076C2CF92; };
		8FA5B998B63758FFC371A4DA /* RecentFilesMenuTemplate.nib */ = {isa = PBXBuildFile; fileRef = 10F9F817B5A08A2F48EC320C; };
		9E96DA89CB7F8548D157C228 /* App */ = {isa = PBXBuildFile; fileRef = EE0DC72BE639B157AD8AFA7C; };
		B324CFA3A31CE2368012271D /* QuartzCore.framework */ = {isa = PBXBuildFile; fileRef = 103E9289B0FE46051FEA89B1; };
		D3C5AB4B7BC0D212F1351D1E /* IOKit.framework */ = {isa = PBXBuildFile; fileRef = 4E8C119742696C1120648E4D; };
		D9DC35F8C4232F7A186B5065 /* include_juce_data_structures.mm */ = {isa = PBXBuildFile; fileRef = B464093282BB39E67E1A874E; };
		EAFE16D7C00A2BC21C0F7243 /* Cocoa.framework */ = {isa = PBXBuildFile; fileRef = 34FFE5EE63118EF6E1186A55; };
		FD3EED2F311D7180A3D820D5 /* Main.cpp */ = {isa = PBXBuildFile; fileRef = C33255C177A6FBB731B4B4E0; };
/* End PBXBuildFile section */

/* Begin PBXFileReference section */
		103E9289B0FE46051FEA89B1 /* QuartzCore.framework */ /* QuartzCore.framework */ = {isa = PBXFileReference; lastKnownFileType = wrapper.framework; name = QuartzCore.framework; path = System/Library/Frameworks/QuartzCore.framework; sourceTree = SDKROOT; };
		10F9F817B5A08A2F48EC320C /* RecentFilesMenuTemplate.nib */ /* RecentFilesMenuTemplate.nib */ = {isa = PBXFileReference; lastKnownFileType = file.nib; name = RecentFilesMenuTemplate.nib; path = RecentFilesMenuTemplate.nib; sourceTree = SOURCE_ROOT; };
		1120EEA00351E3C8C550FDE5 /* juce_data_structures */ /* juce_data_structures */ = {isa = PBXFileReference; lastKnownFileType = folder; name = juce_data_structures; path = "~/JUCE/modules/juce_data_structures"; sourceTree = "<absolute>"; };
		1156730AF70D1B7543CB3D65 /* Foundation.framework */ /* Foundation.framework */ = {isa = PBXFileReference; lastKnownFileType = wrapper.framework; name = Foundation.framework; path = System/Library/Frameworks/Foundation.framework; sourceTree = SDKROOT; };
		2134A65A91DAF38BCBF73ADF /* JuceHeader.h */ /* JuceHeader.h */ = {isa = PBXFileReference; lastKnownFileType = sourcecode.c.h; name = JuceHeader.h; path = ../../JuceLibraryCode/JuceHeader.h; sourceTree = SOURCE_ROOT; };
		22DBDA55817D4B6FA6D762F7 /* Info-App.plist */ /* Info-App.plist */ = {isa = PBXFileReference; lastKnownFileType = text.plist.xml; name = "Info-App.plist"; path = "Info-App.plist"; sourceTree = SOURCE_ROOT; };
		34FFE5EE63118EF6E1186A55 /* Cocoa.framework */ /* Cocoa.framework */ = {isa = PBXFileReference; lastKnownFileType = wrapper.framework; name = Cocoa.framework; path = System/Library/Frameworks/Cocoa.framework; sourceTree = SDKROOT; };
		3A9CD9DED68CF81C9A362874 /* include_juce_graphics.mm */ /* include_juce_graphics.mm */ = {isa = PBXFileReference; lastKnownFileType = sourcecode.cpp.objcpp; name = include_juce_graphics.mm; path = ../../JuceLibraryCode/include_juce_graphics.mm; sourceTree = SOURCE_ROOT; };
		4E8C119742696C1120648E4D /* IOKit.framework */ /* IOKit.framework */ = {isa = PBXFileReference; lastKnownFileType = wrapper.framework; name = IOKit.framework; path = System/Library/Frameworks/IOKit.framework; sourceTree = SDKROOT; };
		66B0400A273B0380C454DD42 /* MainComponent.hpp */ /* MainComponent.hpp */ = {isa = PBXFileReference; lastKnownFileType = sourcecode.c.h; name = MainComponent.hpp; path = ../../Source/MainComponent.hpp; sourceTree = SOURCE_ROOT; };
		A1B9B1855927DD44A5B0E5A0 /* include_juce_events.mm */ /* include_juce_events.mm */ = {isa = PBXFileReference; lastKnownFileType = sourcecode.cpp.objcpp; name = include_juce_events.mm; path = ../../JuceLibraryCode/include_juce_events.mm; sourceTree = SOURCE_ROOT; };
		A64A37A6F8E02D08CBA00F64 /* juce_gui_basics */ /* juce_gui_basics */ = {isa = PBXFileReference; lastKnownFileType = folder; name = juce_gui_basics; path = "~/JUCE/modules/juce_gui_basics"; sourceTree = "<absolute>"; };
		B464093282BB39E67E1A874E /* include_juce_data_structures.mm */ /* include_juce_data_structures.mm */ = {isa = PBXFileReference; lastKnownFileType = sourcecode.cpp.objcpp; name = include_juce_data_structures.mm; path = ../../JuceLibraryCode/include_juce_data_structures.mm; sourceTree = SOURCE_ROOT; };
		BAB5960E908B9F731AFD6032 /* include_juce_gui_basics.mm */ /* include_juce_gui_basics.mm */ = {isa = PBXFileReference; lastKnownFileType = sourcecode.cpp.objcpp; name = include_juce_gui_basics.mm; path = ../../JuceLibraryCode/include_juce_gui_basics.mm; sourceTree = SOURCE_ROOT; };
		C33255C177A6FBB731B4B4E0 /* Main.cpp */ /* Main.cpp */ = {isa = PBXFileReference; lastKnownFileType = sourcecode.cpp.cpp; name = Main.cpp; path = ../../Source/Main.cpp; sourceTree = SOURCE_ROOT; };
		CFBDECE87BCCDE1CBB897ECC /* juce_core */ /* juce_core */ = {isa = PBXFileReference; lastKnownFileType = folder; name = juce_core; path = "~/JUCE/modules/juce_core"; sourceTree = "<absolute>"; };
		DB961AA139E8891076C2CF92 /* include_juce_core.mm */ /* include_juce_core.mm */ = {isa = PBXFileReference; lastKnownFileType = sourcecode.cpp.objcpp; name = include_juce_core.mm; path = ../../JuceLibraryCode/include_juce_core.mm; sourceTree = SOURCE_ROOT; };
		EE0DC72BE639B157AD8AFA7C /* App */ = {isa = PBXFileReference; explicitFileType = wrapper.application; includeInIndex = 0; path = Grid.app; sourceTree = BUILT_PRODUCTS_DIR; };
		F625E8579ACC5AFF18B03C1C /* juce_events */ /* juce_events */ = {isa = PBXFileReference; lastKnownFileType = folder; name = juce_events; path = "~/JUCE/modules/juce_events"; sourceTree = "<absolute>"; };
		FC1180BA7834FCB11DBC5AB3 /* MainComponent.cpp */ /* MainComponent.cpp */ = {isa = PBXFileReference; lastKnownFileType = sourcecode.cpp.cpp; name = MainComponent.cpp; path = ../../Source/MainComponent.cpp; sourceTree = SOURCE_ROOT; };
		FEB927D4C2ABA95D49ED4AF6 /* juce_graphics */ /* juce_graphics */ = {isa = PBXFileReference; lastKnownFileType = folder; name = juce_graphics; path = "~/JUCE/modules/juce_graphics"; sourceTree = "<absolute>"; };
/* End PBXFileReference section */

/* Begin PBXFrameworksBuildPhase section */
		55B3AEFA3DEFB4722B6E45ED = {
			isa = PBXFrameworksBuildPhase;
			buildActionMask = 2147483647;
			files = (
				EAFE16D7C00A2BC21C0F7243,
				45A34B81B4AAC4A7B67C127F,
				D3C5AB4B7BC0D212F1351D1E,
				B324CFA3A31CE2368012271D,
			);
			runOnlyForDeploymentPostprocessing = 0;
		};
/* End PBXFrameworksBuildPhase section */

/* Begin PBXGroup section */
		362CF93A8862968627ADAE23 /* JUCE Library Code */ = {
			isa = PBXGroup;
			children = (
				DB961AA139E8891076C2CF92,
				B464093282BB39E67E1A874E,
				A1B9B1855927DD44A5B0E5A0,
				3A9CD9DED68CF81C9A362874,
				BAB5960E908B9F731AFD6032,
				2134A65A91DAF38BCBF73ADF,
			);
			name = "JUCE Library Code";
			sourceTree = "<group>";
		};
		572BEBC7230361A485E50D8B /* JUCE Modules */ = {
			isa = PBXGroup;
			children = (
				CFBDECE87BCCDE1CBB897ECC,
				1120EEA00351E3C8C550FDE5,
				F625E8579ACC5AFF18B03C1C,
				FEB927D4C2ABA95D49ED4AF6,
				A64A37A6F8E02D08CBA00F64,
			);
			name = "JUCE Modules";
			sourceTree = "<group>";
		};
		5C3E0554CE17A6D516752726 /* Products */ = {
			isa = PBXGroup;
			children = (
				EE0DC72BE639B157AD8AFA7C,
			);
			name = Products;
			sourceTree = "<group>";
		};
		9BB1C454112E96F20B2DE6F4 /* Resources */ = {
			isa = PBXGroup;
			children = (
				22DBDA55817D4B6FA6D762F7,
				10F9F817B5A08A2F48EC320C,
			);
			name = Resources;
			sourceTree = "<group>";
		};
		A579738FEE24BF6F8DA1EED7 /* Source */ = {
			isa = PBXGroup;
			children = (
				C33255C177A6FBB731B4B4E0,
				66B0400A273B0380C454DD42,
				FC1180BA7834FCB11DBC5AB3,
			);
			name = Source;
			sourceTree = "<group>";
		};
		AE39C0DB68B28B4A7E36C6DE /* Frameworks */ = {
			isa = PBXGroup;
			children = (
				34FFE5EE63118EF6E1186A55,
				1156730AF70D1B7543CB3D65,
				4E8C119742696C1120648E4D,
				103E9289B0FE46051FEA89B1,
			);
			name = Frameworks;
			sourceTree = "<group>";
		};
		EC582A362C83B37B72D1638B /* Grid */ = {
			isa = PBXGroup;
			children = (
				A579738FEE24BF6F8DA1EED7,
			);
			name = Grid;
			sourceTree = "<group>";
		};
		F0490C3D19BB7D082FE7D17A /* Source */ = {
			isa = PBXGroup;
			children = (
				EC582A362C83B37B72D1638B,
				572BEBC7230361A485E50D8B,
				362CF93A8862968627ADAE23,
				9BB1C454112E96F20B2DE6F4,
				AE39C0DB68B28B4A7E36C6DE,
				5C3E0554CE17A6D516752726,
			);
			name = Source;
			sourceTree = "<group>";
		};
/* End PBXGroup section */

/* Begin PBXNativeTarget section */
		E8B41A317CCC2858C5306CF9 /* Grid - App */ = {
			isa = PBXNativeTarget;
			buildConfigurationList = 42ACC574066A310EEBFCB412;
			buildPhases = (
				B480596DA30F327631BE1FDE,
				AC44927CC7B4A4C5B6CFA651,
				55B3AEFA3DEFB4722B6E45ED,
			);
			buildRules = (
			);
			dependencies = (
			);
			name = "Grid - App";
			productName = Grid;
			productReference = EE0DC72BE639B157AD8AFA7C;
			productType = "com.apple.product-type.application";
		};
/* End PBXNativeTarget section */

/* Begin PBXProject section */
		F9FD358CED8F6B478B5DE84D = {
			isa = PBXProject;
			attributes = {
				LastUpgradeCheck = 1340;
				ORGANIZATIONNAME = "";
				TargetAttributes = {
					E8B41A317CCC2858C5306CF9 = {
						SystemCapabilities = {
							com.apple.ApplicationGroups.iOS = {
								enabled = 0;
							};
							com.apple.HardenedRuntime = {
								enabled = 0;
							};
							com.apple.InAppPurchase = {
								enabled = 0;
							};
							com.apple.InterAppAudio = {
								enabled = 0;
							};
							com.apple.Push = {
								enabled = 0;
							};
							com.apple.Sandbox = {
								enabled = 0;
							};
						};
					};
				};
			};
			buildConfigurationList = E2B8E545361D56DCDB955881;
			compatibilityVersion = "Xcode 3.2";
			hasScannedForEncodings = 0;
			knownRegions = (
				en,
				Base,
			);
			mainGroup = F0490C3D19BB7D082FE7D17A;
			projectDirPath = "";
			projectRoot = "";
			targets = (
				E8B41A317CCC2858C5306CF9,
			);
		};
/* End PBXProject section */

/* Begin PBXResourcesBuildPhase section */
		B480596DA30F327631BE1FDE = {
			isa = PBXResourcesBuildPhase;
			buildActionMask = 2147483647;
			files = (
				8FA5B998B63758FFC371A4DA,
			);
			runOnlyForDeploymentPostprocessing = 0;
		};
/* End PBXResourcesBuildPhase section */

/* Begin PBXSourcesBuildPhase section */
		AC44927CC7B4A4C5B6CFA651 = {
			isa = PBXSourcesBuildPhase;
			buildActionMask = 2147483647;
			files = (
				FD3EED2F311D7180A3D820D5,
				3BB19852D7050653756FCA93,
				6B6D738B1BEEBD11985936CF,
				D9DC35F8C4232F7A186B5065,
				02B82BD7F21B9D830C714E7E,
				6672BAD3BE0EA87B71EC3362,
				5052CCFE1ECD11A75B17DA7D,
			);
			runOnlyForDeploymentPostprocessing = 0;
		};
/* End PBXSourcesBuildPhase section */

/* Begin XCBuildConfiguration section */
		120534E13F0FC09B2172475C /* Release */ = {
			isa = XCBuildConfiguration;
			buildSettings = {
				ALWAYS_SEARCH_USER_PATHS = NO;
				CLANG_ENABLE_OBJC_WEAK = YES;
				CLANG_WARN_BLOCK_CAPTURE_AUTORELEASING = YES;
				CLANG_WARN_BOOL_CONVERSION = YES;
				CLANG_WARN_COMMA = YES;
				CLANG_WARN_CONSTANT_CONVERSION = YES;
				CLANG_WARN_DEPRECATED_OBJC_IMPLEMENTATIONS = YES;
				CLANG_WARN_EMPTY_BODY = YES;
				CLANG_WARN_ENUM_CONVERSION = YES;
				CLANG_WARN_INFINITE_RECURSION = YES;
				CLANG_WARN_INT_CONVERSION = YES;
				CLANG_WARN_NON_LITERAL_NULL_CONVERSION = YES;
				CLANG_WARN_OBJC_IMPLICIT_RETAIN_SELF = YES;
				CLANG_WARN_OBJC_LITERAL_CONVERSION = YES;
				CLANG_WARN_RANGE_LOOP_ANALYSIS = YES;
				CLANG_WARN_STRICT_PROTOTYPES = YES;
				CLANG_WARN_SUSPICIOUS_MOVE = YES;
				CLANG_WARN_UNREACHABLE_CODE = YES;
				CLANG_WARN__DUPLICATE_METHOD_MATCH = YES;
				CODE_SIGN_IDENTITY = "";
				DEBUG_INFORMATION_FORMAT = dwarf;
				ENABLE_STRICT_OBJC_MSGSEND = YES;
				ENABLE_TESTABILITY = NO;
				GCC_C_LANGUAGE_STANDARD = c11;
				GCC_INLINES_ARE_PRIVATE_EXTERN = YES;
				GCC_MODEL_TUNING = G5;
				GCC_NO_COMMON_BLOCKS = YES;
				GCC_SYMBOLS_PRIVATE_EXTERN = YES;
				GCC_WARN_64_TO_32_BIT_CONVERSION = YES;
				GCC_WARN_ABOUT_RETURN_TYPE = YES;
				GCC_WARN_CHECK_SWITCH_STATEMENTS = YES;
				GCC_WARN_MISSING_PARENTHESES = YES;
				GCC_WARN_NON_VIRTUAL_DESTRUCTOR = YES;
				GCC_WARN_TYPECHECK_CALLS_TO_PRINTF = YES;
				GCC_WARN_UNDECLARED_SELECTOR = YES;
				GCC_WARN_UNINITIALIZED_AUTOS = YES;
				GCC_WARN_UNUSED_FUNCTION = YES;
				GCC_WARN_UNUSED_VARIABLE = YES;
				PRODUCT_NAME = "Grid";
				SDKROOT = macosx;
				WARNING_CFLAGS = "-Wreorder";
				ZERO_LINK = NO;
			};
			name = Release;
		};
		3662C4A0F5058C053D714017 /* Release */ = {
			isa = XCBuildConfiguration;
			buildSettings = {
				CLANG_CXX_LANGUAGE_STANDARD = "c++14";
				CLANG_CXX_LIBRARY = "libc++";
				CLANG_LINK_OBJC_RUNTIME = NO;
				CODE_SIGN_IDENTITY = "";
				COMBINE_HIDPI_IMAGES = YES;
				CONFIGURATION_BUILD_DIR = "$(PROJECT_DIR)/build/$(CONFIGURATION)";
				DEAD_CODE_STRIPPING = YES;
				EXCLUDED_ARCHS = "";
				GCC_GENERATE_DEBUGGING_SYMBOLS = NO;
				GCC_OPTIMIZATION_LEVEL = 3;
				GCC_PREPROCESSOR_DEFINITIONS = (
					"_NDEBUG=1",
					"NDEBUG=1",
					"JUCE_DISPLAY_SPLASH_SCREEN=0",
					"JUCE_USE_DARK_SPLASH_SCREEN=1",
					"JUCE_PROJUCER_VERSION=0x70000",
					"JUCE_MODULE_AVAILABLE_juce_core=1",
					"JUCE_MODULE_AVAILABLE_juce_data_structures=1",
					"JUCE_MODULE_AVAILABLE_juce_events=1",
					"JUCE_MODULE_AVAILABLE_juce_graphics=1",
					"JUCE_MODULE_AVAILABLE_juce_gui_basics=1",
					"JUCE_GLOBAL_MODULE_SETTINGS_INCLUDED=1",
					"JUCE_STRICT_REFCOUNTEDPOINTER=1",
					"JUCE_STANDALONE_APPLICATION=1",
					"JUCER_XCODE_MAC_F6D2F4CF=1",
					"JUCE_APP_VERSION=1.0.0",
					"JUCE_APP_VERSION_HEX=0x10000",
					"JucePlugin_Build_VST=0",
					"JucePlugin_Build_VST3=0",
					"JucePlugin_Build_AU=0",
					"JucePlugin_Build_AUv3=0",
					"JucePlugin_Build_AAX=0",
					"JucePlugin_Build_Standalone=0",
					"JucePlugin_Build_Unity=0",
					"JucePlugin_Build_LV2=0",
				);
				GCC_VERSION = com.apple.compilers.llvm.clang.1_0;
				HEADER_SEARCH_PATHS = (
					"$(SRCROOT)/../../JuceLibraryCode",
					"$(HOME)/JUCE/modules",
					"$(inherited)",
				);
				INFOPLIST_FILE = Info-App.plist;
				INFOPLIST_PREPROCESS = NO;
				INSTALL_PATH = "$(HOME)/Applications";
				LLVM_LTO = YES;
				MACOSX_DEPLOYMENT_TARGET = 10.11;
				MTL_HEADER_SEARCH_PATHS = "$(SRCROOT)/../../JuceLibraryCode $(HOME)/JUCE/modules";
				OTHER_LDFLAGS = "-weak_framework Metal -weak_framework MetalKit";
				PRODUCT_BUNDLE_IDENTIFIER = com.yourcompany.Grid;
				PRODUCT_NAME = "Grid";
				USE_HEADERMAP = NO;
				VALID_ARCHS = "i386 x86_64 arm64 arm64e";
			};
			name = Release;
		};
		96CA6EFE707647D3145B115C /* Debug */ = {
			isa = XCBuildConfiguration;
			buildSettings = {
				ALWAYS_SEARCH_USER_PATHS = NO;
				CLANG_ENABLE_OBJC_WEAK = YES;
				CLANG_WARN_BLOCK_CAPTURE_AUTORELEASING = YES;
				CLANG_WARN_BOOL_CONVERSION = YES;
				CLANG_WARN_COMMA = YES;
				CLANG_WARN_CONSTANT_CONVERSION = YES;
				CLANG_WARN_DEPRECATED_OBJC_IMPLEMENTATIONS = YES;
				CLANG_WARN_EMPTY_BODY = YES;
				CLANG_WARN_ENUM_CONVERSION = YES;
				CLANG_WARN_INFINITE_RECURSION = YES;
				CLANG_WARN_INT_CONVERSION = YES;
				CLANG_WARN_NON_LITERAL_NULL_CONVERSION = YES;
				CLANG_WARN_OBJC_IMPLICIT_RETAIN_SELF = YES;
				CLANG_WARN_OBJC_LITERAL_CONVERSION = YES;
				CLANG_WARN_RANGE_LOOP_ANALYSIS = YES;
				CLANG_WARN_STRICT_PROTOTYPES = YES;
				CLANG_WARN_SUSPICIOUS_MOVE = YES;
				CLANG_WARN_UNREACHABLE_CODE = YES;
				CLANG_WARN__DUPLICATE_METHOD_MATCH = YES;
				CODE_SIGN_IDENTITY = "";
				DEBUG_INFORMATION_FORMAT = dwarf;
				ENABLE_STRICT_OBJC_MSGSEND = YES;
				ENABLE_TESTABILITY = NO;
				GCC_C_LANGUAGE_STANDARD = c11;
				GCC_INLINES_ARE_PRIVATE_EXTERN = YES;
				GCC_MODEL_TUNING = G5;
				GCC_NO_COMMON_BLOCKS = YES;
				GCC_SYMBOLS_PRIVATE_EXTERN = YES;
				GCC_WARN_64_TO_32_BIT_CONVERSION = YES;
				GCC_WARN_ABOUT_RETURN_TYPE = YES;
				GCC_WARN_CHECK_SWITCH_STATEMENTS = YES;
				GCC_WARN_MISSING_PARENTHESES = YES;
				GCC_WARN_NON_VIRTUAL_DESTRUCTOR = YES;
				GCC_WARN_TYPECHECK_CALLS_TO_PRINTF = YES;
				GCC_WARN_UNDECLARED_SELECTOR = YES;
				GCC_WARN_UNINITIALIZED_AUTOS = YES;
				GCC_WARN_UNUSED_FUNCTION = YES;
				GCC_WARN_UNUSED_VARIABLE = YES;
				ONLY_ACTIVE_ARCH = YES;
				PRODUCT_NAME = "Grid";
				SDKROOT = macosx;
				WARNING_CFLAGS = "-Wreorder";
				ZERO_LINK = NO;
			};
			name = Debug;
		};
		B28E45567A3F3639B5B2BDE8 /* Debug */ = {
			isa = XCBuildConfiguration;
			buildSettings = {
				CLANG_CXX_LANGUAGE_STANDARD = "c++14";
				CLANG_CXX_LIBRARY = "libc++";
				CLANG_LINK_OBJC_RUNTIME = NO;
				CODE_SIGN_IDENTITY = "";
				COMBINE_HIDPI_IMAGES = YES;
				CONFIGURATION_BUILD_DIR = "$(PROJECT_DIR)/build/$(CONFIGURATION)";
				COPY_PHASE_STRIP = NO;
				EXCLUDED_ARCHS = "";
				GCC_DYNAMIC_NO_PIC = NO;
				GCC_OPTIMIZATION_LEVEL = 0;
				GCC_PREPROCESSOR_DEFINITIONS = (
					"_DEBUG=1",
					"DEBUG=1",
					"JUCE_DISPLAY_SPLASH_SCREEN=0",
					"JUCE_USE_DARK_SPLASH_SCREEN=1",
					"JUCE_PROJUCER_VERSION=0x70000",
					"JUCE_MODULE_AVAILABLE_juce_core=1",
					"JUCE_MODULE_AVAILABLE_juce_data_structures=1",
					"JUCE_MODULE_AVAILABLE_juce_events=1",
					"JUCE_MODULE_AVAILABLE_juce_graphics=1",
					"JUCE_MODULE_AVAILABLE_juce_gui_basics=1",
					"JUCE_GLOBAL_MODULE_SETTINGS_INCLUDED=1",
					"JUCE_STRICT_REFCOUNTEDPOINTER=1",
					"JUCE_STANDALONE_APPLICATION=1",
					"JUCER_XCODE_MAC_F6D2F4CF=1",
					"JUCE_APP_VERSION=1.0.0",
					"JUCE_APP_VERSION_HEX=0x10000",
					"JucePlugin_Build_VST=0",
					"JucePlugin_Build_VST3=0",
					"JucePlugin_Build_AU=0",
					"JucePlugin_Build_AUv3=0",
					"JucePlugin_Build_AAX=0",
					"JucePlugin_Build_Standalone=0",
					"JucePlugin_Build_Unity=0",
					"JucePlugin_Build_LV2=0",
				);
				GCC_VERSION = com.apple.compilers.llvm.clang.1_0;
				HEADER_SEARCH_PATHS = (
					"$(SRCROOT)/../../JuceLibraryCode",
					"$(HOME)/JUCE/modules",
					"$(inherited)",
				);
				INFOPLIST_FILE = Info-App.plist;
				INFOPLIST_PREPROCESS = NO;
				INSTALL_PATH = "$(HOME)/Applications";
				MACOSX_DEPLOYMENT_TARGET = 10.11;
				MTL_HEADER_SEARCH_PATHS = "$(SRCROOT)/../../JuceLibraryCode $(HOME)/JUCE/modules";
				OTHER_LDFLAGS = "-weak_framework Metal -weak_framework MetalKit";
				PRODUCT_BUNDLE_IDENTIFIER = com.yourcompany.Grid;
				PRODUCT_NAME = "Grid";
				USE_HEADERMAP = NO;
				VALID_ARCHS = "i386 x86_64 arm64 arm64e";
			};
			name = Debug;
		};
/* End XCBuildConfiguration section */

/* Begin XCConfigurationList section */
		42ACC574066A310EEBFCB412 = {
			isa = XCConfigurationList;
			buildConfigurations = (
				B28E45567A3F3639B5B2BDE8,
				3662C4A0F5058C053D714017,
			);
			defaultConfigurationIsVisible = 0;
			defaultConfigurationName = Debug;
		};
		E2B8E545361D56DCDB955881 = {
			isa = XCConfigurationList;
			buildConfigurations = (
				120534E13F0FC09B2172475C,
				96CA6EFE707647D3145B115C,
			);
			defaultConfigurationIsVisible = 0;
			defaultConfigurationName = Debug;
		};
/* End XCConfigurationList section */
	};
	rootObject = F9FD358CED8F6B478B5DE84D /* Project object */;
}
