// !$*UTF8*$!
{
	archiveVersion = 1;
	classes = {
	};
	objectVersion = 46;
	objects = {

/* Begin PBXBuildFile section */
		2CBE741D9E2E83A528D48A4D /* Foundation.framework */ = {isa = PBXBuildFile; fileRef = 373C1F2FF13AD33217C498EE; };
		2DAA63C16C5CF2956F143344 /* Cocoa.framework */ = {isa = PBXBuildFile; fileRef = 39C1B22A21EA75A941442B4F; };
		316B803F92F970748C6A9DD6 /* TestWindow.cpp */ = {isa = PBXBuildFile; fileRef = FBF23044338F19987D84D158; };
		3DC6FB5830408A7E0A08C15C /* include_juce_graphics.mm */ = {isa = PBXBuildFile; fileRef = 787CEC207E635614AC3B5974; };
		48504AC07161FB19647FB66C /* MainComponent.cpp */ = {isa = PBXBuildFile; fileRef = C0A69A73D6289F4969EF85FF; };
		4A9BF421FFFBED6A69D467DE /* include_juce_core.mm */ = {isa = PBXBuildFile; fileRef = 05AF82C5D94DDAB3FAB479E9; };
		585EADDFE180ABE9D8987327 /* include_juce_events.mm */ = {isa = PBXBuildFile; fileRef = EE2846A3B754D29C39D6A270; };
		61A41E31E17E8356E717683B /* include_juce_gui_basics.mm */ = {isa = PBXBuildFile; fileRef = 9067432F631750341640658E; };
		77A09695F4C6F0C4718C41C8 /* RecentFilesMenuTemplate.nib */ = {isa = PBXBuildFile; fileRef = 372D033DBD60220535C76C23; };
		7D7F647039BC033163FFDF3D /* Carbon.framework */ = {isa = PBXBuildFile; fileRef = 7593471BEF2E894E99EC0B12; };
		9FCFBB87DA9118E1D21C9C84 /* BaseWindow.cpp */ = {isa = PBXBuildFile; fileRef = 5352A7AF6A23A1E10473C109; };
		A7B75B20D72BC00BA7C6C38A /* App */ = {isa = PBXBuildFile; fileRef = 25D8F3E4213FB2FEC8E3DB72; };
		B8D7D94FC0051D7CDF825231 /* QuartzCore.framework */ = {isa = PBXBuildFile; fileRef = 070343EED1BB0E304D7CB6FE; };
		C823BDD00D8495A97169DC18 /* IOKit.framework */ = {isa = PBXBuildFile; fileRef = 547DEB2FA93EC5EF8F934A9F; };
		E0D194834954A034F3C2ECF5 /* include_juce_data_structures.mm */ = {isa = PBXBuildFile; fileRef = 6E86D0A8819FE96B97F3DFCD; };
		E53D1A23950F9235D623A465 /* Main.cpp */ = {isa = PBXBuildFile; fileRef = 169726F4D1DAC04885E74F20; };
/* End PBXBuildFile section */

/* Begin PBXFileReference section */
		05AF82C5D94DDAB3FAB479E9 /* include_juce_core.mm */ /* include_juce_core.mm */ = {isa = PBXFileReference; lastKnownFileType = sourcecode.cpp.objcpp; name = include_juce_core.mm; path = ../../JuceLibraryCode/include_juce_core.mm; sourceTree = SOURCE_ROOT; };
		070343EED1BB0E304D7CB6FE /* QuartzCore.framework */ /* QuartzCore.framework */ = {isa = PBXFileReference; lastKnownFileType = wrapper.framework; name = QuartzCore.framework; path = System/Library/Frameworks/QuartzCore.framework; sourceTree = SDKROOT; };
		169726F4D1DAC04885E74F20 /* Main.cpp */ /* Main.cpp */ = {isa = PBXFileReference; lastKnownFileType = sourcecode.cpp.cpp; name = Main.cpp; path = ../../Source/Main.cpp; sourceTree = SOURCE_ROOT; };
		25D8F3E4213FB2FEC8E3DB72 /* App */ = {isa = PBXFileReference; explicitFileType = wrapper.application; includeInIndex = 0; path = WindowPosition.app; sourceTree = BUILT_PRODUCTS_DIR; };
		372D033DBD60220535C76C23 /* RecentFilesMenuTemplate.nib */ /* RecentFilesMenuTemplate.nib */ = {isa = PBXFileReference; lastKnownFileType = file.nib; name = RecentFilesMenuTemplate.nib; path = RecentFilesMenuTemplate.nib; sourceTree = SOURCE_ROOT; };
		373C1F2FF13AD33217C498EE /* Foundation.framework */ /* Foundation.framework */ = {isa = PBXFileReference; lastKnownFileType = wrapper.framework; name = Foundation.framework; path = System/Library/Frameworks/Foundation.framework; sourceTree = SDKROOT; };
		39C1B22A21EA75A941442B4F /* Cocoa.framework */ /* Cocoa.framework */ = {isa = PBXFileReference; lastKnownFileType = wrapper.framework; name = Cocoa.framework; path = System/Library/Frameworks/Cocoa.framework; sourceTree = SDKROOT; };
		51887658C8DD87C01EEA7304 /* juce_data_structures */ /* juce_data_structures */ = {isa = PBXFileReference; lastKnownFileType = folder; name = juce_data_structures; path = "~/JUCE/modules/juce_data_structures"; sourceTree = "<absolute>"; };
		5352A7AF6A23A1E10473C109 /* BaseWindow.cpp */ /* BaseWindow.cpp */ = {isa = PBXFileReference; lastKnownFileType = sourcecode.cpp.cpp; name = BaseWindow.cpp; path = ../../Source/BaseWindow.cpp; sourceTree = SOURCE_ROOT; };
		547DEB2FA93EC5EF8F934A9F /* IOKit.framework */ /* IOKit.framework */ = {isa = PBXFileReference; lastKnownFileType = wrapper.framework; name = IOKit.framework; path = System/Library/Frameworks/IOKit.framework; sourceTree = SDKROOT; };
		58E7468895EF766EC1140DDD /* Info-App.plist */ /* Info-App.plist */ = {isa = PBXFileReference; lastKnownFileType = text.plist.xml; name = "Info-App.plist"; path = "Info-App.plist"; sourceTree = SOURCE_ROOT; };
		6AEDE6C85C57B3993DFC20B9 /* TestComponent.hpp */ /* TestComponent.hpp */ = {isa = PBXFileReference; lastKnownFileType = sourcecode.c.h; name = TestComponent.hpp; path = ../../Source/TestComponent.hpp; sourceTree = SOURCE_ROOT; };
		6DF415FC4F808A49C1D67770 /* juce_core */ /* juce_core */ = {isa = PBXFileReference; lastKnownFileType = folder; name = juce_core; path = "~/JUCE/modules/juce_core"; sourceTree = "<absolute>"; };
		6E86D0A8819FE96B97F3DFCD /* include_juce_data_structures.mm */ /* include_juce_data_structures.mm */ = {isa = PBXFileReference; lastKnownFileType = sourcecode.cpp.objcpp; name = include_juce_data_structures.mm; path = ../../JuceLibraryCode/include_juce_data_structures.mm; sourceTree = SOURCE_ROOT; };
		75845E5F60BC80117B521F1B /* juce_events */ /* juce_events */ = {isa = PBXFileReference; lastKnownFileType = folder; name = juce_events; path = "~/JUCE/modules/juce_events"; sourceTree = "<absolute>"; };
		7593471BEF2E894E99EC0B12 /* Carbon.framework */ /* Carbon.framework */ = {isa = PBXFileReference; lastKnownFileType = wrapper.framework; name = Carbon.framework; path = System/Library/Frameworks/Carbon.framework; sourceTree = SDKROOT; };
		787CEC207E635614AC3B5974 /* include_juce_graphics.mm */ /* include_juce_graphics.mm */ = {isa = PBXFileReference; lastKnownFileType = sourcecode.cpp.objcpp; name = include_juce_graphics.mm; path = ../../JuceLibraryCode/include_juce_graphics.mm; sourceTree = SOURCE_ROOT; };
		7E5A84BD060D9B9E7622630C /* juce_gui_basics */ /* juce_gui_basics */ = {isa = PBXFileReference; lastKnownFileType = folder; name = juce_gui_basics; path = "~/JUCE/modules/juce_gui_basics"; sourceTree = "<absolute>"; };
		8255702144426FC1916A4C4C /* BaseWindow.hpp */ /* BaseWindow.hpp */ = {isa = PBXFileReference; lastKnownFileType = sourcecode.c.h; name = BaseWindow.hpp; path = ../../Source/BaseWindow.hpp; sourceTree = SOURCE_ROOT; };
		9067432F631750341640658E /* include_juce_gui_basics.mm */ /* include_juce_gui_basics.mm */ = {isa = PBXFileReference; lastKnownFileType = sourcecode.cpp.objcpp; name = include_juce_gui_basics.mm; path = ../../JuceLibraryCode/include_juce_gui_basics.mm; sourceTree = SOURCE_ROOT; };
		A2E7968B5210BC1C3253E920 /* MainWindow.hpp */ /* MainWindow.hpp */ = {isa = PBXFileReference; lastKnownFileType = sourcecode.c.h; name = MainWindow.hpp; path = ../../Source/MainWindow.hpp; sourceTree = SOURCE_ROOT; };
		A36FADA79168A8831E2EB9BD /* juce_graphics */ /* juce_graphics */ = {isa = PBXFileReference; lastKnownFileType = folder; name = juce_graphics; path = "~/JUCE/modules/juce_graphics"; sourceTree = "<absolute>"; };
		A99192C0DD7EB1306962DFD0 /* Main.hpp */ /* Main.hpp */ = {isa = PBXFileReference; lastKnownFileType = sourcecode.c.h; name = Main.hpp; path = ../../Source/Main.hpp; sourceTree = SOURCE_ROOT; };
		C0A69A73D6289F4969EF85FF /* MainComponent.cpp */ /* MainComponent.cpp */ = {isa = PBXFileReference; lastKnownFileType = sourcecode.cpp.cpp; name = MainComponent.cpp; path = ../../Source/MainComponent.cpp; sourceTree = SOURCE_ROOT; };
		D1D9744475275F3710798B2C /* MainComponent.hpp */ /* MainComponent.hpp */ = {isa = PBXFileReference; lastKnownFileType = sourcecode.c.h; name = MainComponent.hpp; path = ../../Source/MainComponent.hpp; sourceTree = SOURCE_ROOT; };
		DA122B60DA2D9115EE72E9CA /* TestWindow.hpp */ /* TestWindow.hpp */ = {isa = PBXFileReference; lastKnownFileType = sourcecode.c.h; name = TestWindow.hpp; path = ../../Source/TestWindow.hpp; sourceTree = SOURCE_ROOT; };
		E1BC9BFA5177F5A24AFF34AE /* JuceHeader.h */ /* JuceHeader.h */ = {isa = PBXFileReference; lastKnownFileType = sourcecode.c.h; name = JuceHeader.h; path = ../../JuceLibraryCode/JuceHeader.h; sourceTree = SOURCE_ROOT; };
		EE2846A3B754D29C39D6A270 /* include_juce_events.mm */ /* include_juce_events.mm */ = {isa = PBXFileReference; lastKnownFileType = sourcecode.cpp.objcpp; name = include_juce_events.mm; path = ../../JuceLibraryCode/include_juce_events.mm; sourceTree = SOURCE_ROOT; };
		FBF23044338F19987D84D158 /* TestWindow.cpp */ /* TestWindow.cpp */ = {isa = PBXFileReference; lastKnownFileType = sourcecode.cpp.cpp; name = TestWindow.cpp; path = ../../Source/TestWindow.cpp; sourceTree = SOURCE_ROOT; };
/* End PBXFileReference section */

/* Begin PBXFrameworksBuildPhase section */
		2C1A216F1E57ED2FC3905FC0 = {
			isa = PBXFrameworksBuildPhase;
			buildActionMask = 2147483647;
			files = (
				7D7F647039BC033163FFDF3D,
				2DAA63C16C5CF2956F143344,
				2CBE741D9E2E83A528D48A4D,
				C823BDD00D8495A97169DC18,
				B8D7D94FC0051D7CDF825231,
			);
			runOnlyForDeploymentPostprocessing = 0;
		};
/* End PBXFrameworksBuildPhase section */

/* Begin PBXGroup section */
		1BC93B93B5BFE2125B90F843 /* Products */ = {
			isa = PBXGroup;
			children = (
				25D8F3E4213FB2FEC8E3DB72,
			);
			name = Products;
			sourceTree = "<group>";
		};
		26368CC01B3F2F092F2484B4 /* Source */ = {
			isa = PBXGroup;
			children = (
				5439842598CE1023A7D1758A,
				D7EB4787C25C0045E5821C1F,
				3D122D7C35DDACEA50ED98BE,
				9406DF30B0075A02822C8288,
				9DC00B150771A9398BFE3FB2,
				1BC93B93B5BFE2125B90F843,
			);
			name = Source;
			sourceTree = "<group>";
		};
		3D122D7C35DDACEA50ED98BE /* JUCE Library Code */ = {
			isa = PBXGroup;
			children = (
				05AF82C5D94DDAB3FAB479E9,
				6E86D0A8819FE96B97F3DFCD,
				EE2846A3B754D29C39D6A270,
				787CEC207E635614AC3B5974,
				9067432F631750341640658E,
				E1BC9BFA5177F5A24AFF34AE,
			);
			name = "JUCE Library Code";
			sourceTree = "<group>";
		};
		5439842598CE1023A7D1758A /* WindowPosition */ = {
			isa = PBXGroup;
			children = (
				EBD5A5D805E30888C31DDECA,
			);
			name = WindowPosition;
			sourceTree = "<group>";
		};
		9406DF30B0075A02822C8288 /* Resources */ = {
			isa = PBXGroup;
			children = (
				58E7468895EF766EC1140DDD,
				372D033DBD60220535C76C23,
			);
			name = Resources;
			sourceTree = "<group>";
		};
		9DC00B150771A9398BFE3FB2 /* Frameworks */ = {
			isa = PBXGroup;
			children = (
				7593471BEF2E894E99EC0B12,
				39C1B22A21EA75A941442B4F,
				373C1F2FF13AD33217C498EE,
				547DEB2FA93EC5EF8F934A9F,
				070343EED1BB0E304D7CB6FE,
			);
			name = Frameworks;
			sourceTree = "<group>";
		};
		D7EB4787C25C0045E5821C1F /* JUCE Modules */ = {
			isa = PBXGroup;
			children = (
				6DF415FC4F808A49C1D67770,
				51887658C8DD87C01EEA7304,
				75845E5F60BC80117B521F1B,
				A36FADA79168A8831E2EB9BD,
				7E5A84BD060D9B9E7622630C,
			);
			name = "JUCE Modules";
			sourceTree = "<group>";
		};
		EBD5A5D805E30888C31DDECA /* Source */ = {
			isa = PBXGroup;
			children = (
				8255702144426FC1916A4C4C,
				5352A7AF6A23A1E10473C109,
				169726F4D1DAC04885E74F20,
				A99192C0DD7EB1306962DFD0,
				C0A69A73D6289F4969EF85FF,
				D1D9744475275F3710798B2C,
				A2E7968B5210BC1C3253E920,
				6AEDE6C85C57B3993DFC20B9,
				FBF23044338F19987D84D158,
				DA122B60DA2D9115EE72E9CA,
			);
			name = Source;
			sourceTree = "<group>";
		};
/* End PBXGroup section */

/* Begin PBXNativeTarget section */
		B41388674A29155096B91E2A /* WindowPosition - App */ = {
			isa = PBXNativeTarget;
			buildConfigurationList = B9BE00B1A82207FAD9C3E033;
			buildPhases = (
				1F1072E8ED300F541E02BBB2,
				767EF65C82A4D6995B0C298A,
				2C1A216F1E57ED2FC3905FC0,
			);
			buildRules = (
			);
			dependencies = (
			);
			name = "WindowPosition - App";
			productName = WindowPosition;
			productReference = 25D8F3E4213FB2FEC8E3DB72;
			productType = "com.apple.product-type.application";
		};
/* End PBXNativeTarget section */

/* Begin PBXProject section */
		B1A4FB625FC0AA11020348D7 = {
			isa = PBXProject;
			attributes = {
				LastUpgradeCheck = 1320;
				ORGANIZATIONNAME = "";
				TargetAttributes = {
					B41388674A29155096B91E2A = {
						SystemCapabilities = {
							com.apple.ApplicationGroups.iOS = {
								enabled = 0;
							};
							com.apple.HardenedRuntime = {
								enabled = 0;
							};
							com.apple.InAppPurchase = {
								enabled = 0;
							};
							com.apple.InterAppAudio = {
								enabled = 0;
							};
							com.apple.Push = {
								enabled = 0;
							};
							com.apple.Sandbox = {
								enabled = 0;
							};
						};
					};
				};
			};
			buildConfigurationList = B2EB052FFC073C04EADF9D98;
			compatibilityVersion = "Xcode 3.2";
			hasScannedForEncodings = 0;
			knownRegions = (
				en,
				Base,
			);
			mainGroup = 26368CC01B3F2F092F2484B4;
			projectDirPath = "";
			projectRoot = "";
			targets = (
				B41388674A29155096B91E2A,
			);
		};
/* End PBXProject section */

/* Begin PBXResourcesBuildPhase section */
		1F1072E8ED300F541E02BBB2 = {
			isa = PBXResourcesBuildPhase;
			buildActionMask = 2147483647;
			files = (
				77A09695F4C6F0C4718C41C8,
			);
			runOnlyForDeploymentPostprocessing = 0;
		};
/* End PBXResourcesBuildPhase section */

/* Begin PBXSourcesBuildPhase section */
		767EF65C82A4D6995B0C298A = {
			isa = PBXSourcesBuildPhase;
			buildActionMask = 2147483647;
			files = (
				9FCFBB87DA9118E1D21C9C84,
				E53D1A23950F9235D623A465,
				48504AC07161FB19647FB66C,
				316B803F92F970748C6A9DD6,
				4A9BF421FFFBED6A69D467DE,
				E0D194834954A034F3C2ECF5,
				585EADDFE180ABE9D8987327,
				3DC6FB5830408A7E0A08C15C,
				61A41E31E17E8356E717683B,
			);
			runOnlyForDeploymentPostprocessing = 0;
		};
/* End PBXSourcesBuildPhase section */

/* Begin XCBuildConfiguration section */
		4871423BD88E3AAB2742B374 /* Release */ = {
			isa = XCBuildConfiguration;
			buildSettings = {
				ALWAYS_SEARCH_USER_PATHS = NO;
				CLANG_ENABLE_OBJC_WEAK = YES;
				CLANG_WARN_BLOCK_CAPTURE_AUTORELEASING = YES;
				CLANG_WARN_BOOL_CONVERSION = YES;
				CLANG_WARN_COMMA = YES;
				CLANG_WARN_CONSTANT_CONVERSION = YES;
				CLANG_WARN_DEPRECATED_OBJC_IMPLEMENTATIONS = YES;
				CLANG_WARN_EMPTY_BODY = YES;
				CLANG_WARN_ENUM_CONVERSION = YES;
				CLANG_WARN_INFINITE_RECURSION = YES;
				CLANG_WARN_INT_CONVERSION = YES;
				CLANG_WARN_NON_LITERAL_NULL_CONVERSION = YES;
				CLANG_WARN_OBJC_IMPLICIT_RETAIN_SELF = YES;
				CLANG_WARN_OBJC_LITERAL_CONVERSION = YES;
				CLANG_WARN_RANGE_LOOP_ANALYSIS = YES;
				CLANG_WARN_STRICT_PROTOTYPES = YES;
				CLANG_WARN_SUSPICIOUS_MOVE = YES;
				CLANG_WARN_UNREACHABLE_CODE = YES;
				CLANG_WARN__DUPLICATE_METHOD_MATCH = YES;
				CODE_SIGN_IDENTITY = "";
				DEBUG_INFORMATION_FORMAT = dwarf;
				ENABLE_STRICT_OBJC_MSGSEND = YES;
				ENABLE_TESTABILITY = NO;
				GCC_C_LANGUAGE_STANDARD = c11;
				GCC_INLINES_ARE_PRIVATE_EXTERN = YES;
				GCC_MODEL_TUNING = G5;
				GCC_NO_COMMON_BLOCKS = YES;
				GCC_SYMBOLS_PRIVATE_EXTERN = YES;
				GCC_WARN_64_TO_32_BIT_CONVERSION = YES;
				GCC_WARN_ABOUT_RETURN_TYPE = YES;
				GCC_WARN_CHECK_SWITCH_STATEMENTS = YES;
				GCC_WARN_MISSING_PARENTHESES = YES;
				GCC_WARN_NON_VIRTUAL_DESTRUCTOR = YES;
				GCC_WARN_TYPECHECK_CALLS_TO_PRINTF = YES;
				GCC_WARN_UNDECLARED_SELECTOR = YES;
				GCC_WARN_UNINITIALIZED_AUTOS = YES;
				GCC_WARN_UNUSED_FUNCTION = YES;
				GCC_WARN_UNUSED_VARIABLE = YES;
				PRODUCT_NAME = "WindowPosition";
				SDKROOT = macosx;
				WARNING_CFLAGS = "-Wreorder";
				ZERO_LINK = NO;
			};
			name = Release;
		};
		48F54DD70429EAF2AC04F0EB /* Debug */ = {
			isa = XCBuildConfiguration;
			buildSettings = {
				CLANG_CXX_LANGUAGE_STANDARD = "c++14";
				CLANG_CXX_LIBRARY = "libc++";
				CLANG_LINK_OBJC_RUNTIME = NO;
				CODE_SIGN_IDENTITY = "";
				COMBINE_HIDPI_IMAGES = YES;
				CONFIGURATION_BUILD_DIR = "$(PROJECT_DIR)/build/$(CONFIGURATION)";
				COPY_PHASE_STRIP = NO;
				EXCLUDED_ARCHS = "";
				GCC_DYNAMIC_NO_PIC = NO;
				GCC_OPTIMIZATION_LEVEL = 0;
				GCC_PREPROCESSOR_DEFINITIONS = (
					"_DEBUG=1",
					"DEBUG=1",
					"JUCE_DISPLAY_SPLASH_SCREEN=0",
					"JUCE_USE_DARK_SPLASH_SCREEN=1",
					"JUCE_PROJUCER_VERSION=0x60106",
					"JUCE_MODULE_AVAILABLE_juce_core=1",
					"JUCE_MODULE_AVAILABLE_juce_data_structures=1",
					"JUCE_MODULE_AVAILABLE_juce_events=1",
					"JUCE_MODULE_AVAILABLE_juce_graphics=1",
					"JUCE_MODULE_AVAILABLE_juce_gui_basics=1",
					"JUCE_GLOBAL_MODULE_SETTINGS_INCLUDED=1",
					"JUCE_STRICT_REFCOUNTEDPOINTER=1",
					"JUCE_STANDALONE_APPLICATION=1",
					"JUCER_XCODE_MAC_F6D2F4CF=1",
					"JUCE_APP_VERSION=1.0.0",
					"JUCE_APP_VERSION_HEX=0x10000",
					"JucePlugin_Build_VST=0",
					"JucePlugin_Build_VST3=0",
					"JucePlugin_Build_AU=0",
					"JucePlugin_Build_AUv3=0",
					"JucePlugin_Build_RTAS=0",
					"JucePlugin_Build_AAX=0",
					"JucePlugin_Build_Standalone=0",
					"JucePlugin_Build_Unity=0",
				);
				GCC_VERSION = com.apple.compilers.llvm.clang.1_0;
				HEADER_SEARCH_PATHS = (
					"$(SRCROOT)/../../JuceLibraryCode",
					"$(HOME)/JUCE/modules",
					"$(inherited)",
				);
				INFOPLIST_FILE = Info-App.plist;
				INFOPLIST_PREPROCESS = NO;
				INSTALL_PATH = "$(HOME)/Applications";
				MACOSX_DEPLOYMENT_TARGET = 10.11;
				MTL_HEADER_SEARCH_PATHS = "$(SRCROOT)/../../JuceLibraryCode $(HOME)/JUCE/modules";
				PRODUCT_BUNDLE_IDENTIFIER = com.yourcompany.WindowPosition;
				PRODUCT_NAME = "WindowPosition";
				USE_HEADERMAP = NO;
				VALID_ARCHS = "i386 x86_64 arm64 arm64e";
			};
			name = Debug;
		};
		5CA0557256F665E1DD1BB5B9 /* Release */ = {
			isa = XCBuildConfiguration;
			buildSettings = {
				CLANG_CXX_LANGUAGE_STANDARD = "c++14";
				CLANG_CXX_LIBRARY = "libc++";
				CLANG_LINK_OBJC_RUNTIME = NO;
				CODE_SIGN_IDENTITY = "";
				COMBINE_HIDPI_IMAGES = YES;
				CONFIGURATION_BUILD_DIR = "$(PROJECT_DIR)/build/$(CONFIGURATION)";
				DEAD_CODE_STRIPPING = YES;
				EXCLUDED_ARCHS = "";
				GCC_GENERATE_DEBUGGING_SYMBOLS = NO;
				GCC_OPTIMIZATION_LEVEL = 3;
				GCC_PREPROCESSOR_DEFINITIONS = (
					"_NDEBUG=1",
					"NDEBUG=1",
					"JUCE_DISPLAY_SPLASH_SCREEN=0",
					"JUCE_USE_DARK_SPLASH_SCREEN=1",
					"JUCE_PROJUCER_VERSION=0x60106",
					"JUCE_MODULE_AVAILABLE_juce_core=1",
					"JUCE_MODULE_AVAILABLE_juce_data_structures=1",
					"JUCE_MODULE_AVAILABLE_juce_events=1",
					"JUCE_MODULE_AVAILABLE_juce_graphics=1",
					"JUCE_MODULE_AVAILABLE_juce_gui_basics=1",
					"JUCE_GLOBAL_MODULE_SETTINGS_INCLUDED=1",
					"JUCE_STRICT_REFCOUNTEDPOINTER=1",
					"JUCE_STANDALONE_APPLICATION=1",
					"JUCER_XCODE_MAC_F6D2F4CF=1",
					"JUCE_APP_VERSION=1.0.0",
					"JUCE_APP_VERSION_HEX=0x10000",
					"JucePlugin_Build_VST=0",
					"JucePlugin_Build_VST3=0",
					"JucePlugin_Build_AU=0",
					"JucePlugin_Build_AUv3=0",
					"JucePlugin_Build_RTAS=0",
					"JucePlugin_Build_AAX=0",
					"JucePlugin_Build_Standalone=0",
					"JucePlugin_Build_Unity=0",
				);
				GCC_VERSION = com.apple.compilers.llvm.clang.1_0;
				HEADER_SEARCH_PATHS = (
					"$(SRCROOT)/../../JuceLibraryCode",
					"$(HOME)/JUCE/modules",
					"$(inherited)",
				);
				INFOPLIST_FILE = Info-App.plist;
				INFOPLIST_PREPROCESS = NO;
				INSTALL_PATH = "$(HOME)/Applications";
				LLVM_LTO = YES;
				MACOSX_DEPLOYMENT_TARGET = 10.11;
				MTL_HEADER_SEARCH_PATHS = "$(SRCROOT)/../../JuceLibraryCode $(HOME)/JUCE/modules";
				PRODUCT_BUNDLE_IDENTIFIER = com.yourcompany.WindowPosition;
				PRODUCT_NAME = "WindowPosition";
				USE_HEADERMAP = NO;
				VALID_ARCHS = "i386 x86_64 arm64 arm64e";
			};
			name = Release;
		};
		6F7C24BB8C4AB4E82092094F /* Debug */ = {
			isa = XCBuildConfiguration;
			buildSettings = {
				ALWAYS_SEARCH_USER_PATHS = NO;
				CLANG_ENABLE_OBJC_WEAK = YES;
				CLANG_WARN_BLOCK_CAPTURE_AUTORELEASING = YES;
				CLANG_WARN_BOOL_CONVERSION = YES;
				CLANG_WARN_COMMA = YES;
				CLANG_WARN_CONSTANT_CONVERSION = YES;
				CLANG_WARN_DEPRECATED_OBJC_IMPLEMENTATIONS = YES;
				CLANG_WARN_EMPTY_BODY = YES;
				CLANG_WARN_ENUM_CONVERSION = YES;
				CLANG_WARN_INFINITE_RECURSION = YES;
				CLANG_WARN_INT_CONVERSION = YES;
				CLANG_WARN_NON_LITERAL_NULL_CONVERSION = YES;
				CLANG_WARN_OBJC_IMPLICIT_RETAIN_SELF = YES;
				CLANG_WARN_OBJC_LITERAL_CONVERSION = YES;
				CLANG_WARN_RANGE_LOOP_ANALYSIS = YES;
				CLANG_WARN_STRICT_PROTOTYPES = YES;
				CLANG_WARN_SUSPICIOUS_MOVE = YES;
				CLANG_WARN_UNREACHABLE_CODE = YES;
				CLANG_WARN__DUPLICATE_METHOD_MATCH = YES;
				CODE_SIGN_IDENTITY = "";
				DEBUG_INFORMATION_FORMAT = dwarf;
				ENABLE_STRICT_OBJC_MSGSEND = YES;
				ENABLE_TESTABILITY = NO;
				GCC_C_LANGUAGE_STANDARD = c11;
				GCC_INLINES_ARE_PRIVATE_EXTERN = YES;
				GCC_MODEL_TUNING = G5;
				GCC_NO_COMMON_BLOCKS = YES;
				GCC_SYMBOLS_PRIVATE_EXTERN = YES;
				GCC_WARN_64_TO_32_BIT_CONVERSION = YES;
				GCC_WARN_ABOUT_RETURN_TYPE = YES;
				GCC_WARN_CHECK_SWITCH_STATEMENTS = YES;
				GCC_WARN_MISSING_PARENTHESES = YES;
				GCC_WARN_NON_VIRTUAL_DESTRUCTOR = YES;
				GCC_WARN_TYPECHECK_CALLS_TO_PRINTF = YES;
				GCC_WARN_UNDECLARED_SELECTOR = YES;
				GCC_WARN_UNINITIALIZED_AUTOS = YES;
				GCC_WARN_UNUSED_FUNCTION = YES;
				GCC_WARN_UNUSED_VARIABLE = YES;
				ONLY_ACTIVE_ARCH = YES;
				PRODUCT_NAME = "WindowPosition";
				SDKROOT = macosx;
				WARNING_CFLAGS = "-Wreorder";
				ZERO_LINK = NO;
			};
			name = Debug;
		};
/* End XCBuildConfiguration section */

/* Begin XCConfigurationList section */
		B2EB052FFC073C04EADF9D98 = {
			isa = XCConfigurationList;
			buildConfigurations = (
				4871423BD88E3AAB2742B374,
				6F7C24BB8C4AB4E82092094F,
			);
			defaultConfigurationIsVisible = 0;
			defaultConfigurationName = Debug;
		};
		B9BE00B1A82207FAD9C3E033 = {
			isa = XCConfigurationList;
			buildConfigurations = (
				48F54DD70429EAF2AC04F0EB,
				5CA0557256F665E1DD1BB5B9,
			);
			defaultConfigurationIsVisible = 0;
			defaultConfigurationName = Debug;
		};
/* End XCConfigurationList section */
	};
	rootObject = B1A4FB625FC0AA11020348D7 /* Project object */;
}
